// !$*UTF8*$!
{
	archiveVersion = 1;
	classes = {
	};
	objectVersion = 50;
	objects = {

/* Begin PBXBuildFile section */
		F704DA4724E59E640076F6FB /* SensorDetailViewController.swift in Sources */ = {isa = PBXBuildFile; fileRef = F704DA4624E59E640076F6FB /* SensorDetailViewController.swift */; };
		F704DA4B24E6BA4B0076F6FB /* SensorListViewController.swift in Sources */ = {isa = PBXBuildFile; fileRef = F704DA4A24E6BA4B0076F6FB /* SensorListViewController.swift */; };
		F72023EF26235A07003C6AC2 /* Main.strings in Resources */ = {isa = PBXBuildFile; fileRef = F72023EB26235A07003C6AC2 /* Main.strings */; };
		F72023F026235A07003C6AC2 /* Localizable.strings in Resources */ = {isa = PBXBuildFile; fileRef = F72023ED26235A07003C6AC2 /* Localizable.strings */; };
		F72023F726235A1E003C6AC2 /* LaunchScreen.strings in Resources */ = {isa = PBXBuildFile; fileRef = F72023F326235A1E003C6AC2 /* LaunchScreen.strings */; };
		F72023F826235A1E003C6AC2 /* Main.strings in Resources */ = {isa = PBXBuildFile; fileRef = F72023F526235A1E003C6AC2 /* Main.strings */; };
		F720240A262365B6003C6AC2 /* Localizable.strings in Resources */ = {isa = PBXBuildFile; fileRef = F7202408262365B6003C6AC2 /* Localizable.strings */; };
		F74B2A5524CAE6D5001A614A /* AppDelegate.swift in Sources */ = {isa = PBXBuildFile; fileRef = F74B2A5424CAE6D5001A614A /* AppDelegate.swift */; };
		F74B2A5724CAE6D5001A614A /* SceneDelegate.swift in Sources */ = {isa = PBXBuildFile; fileRef = F74B2A5624CAE6D5001A614A /* SceneDelegate.swift */; };
		F74B2A5924CAE6D5001A614A /* MapViewController.swift in Sources */ = {isa = PBXBuildFile; fileRef = F74B2A5824CAE6D5001A614A /* MapViewController.swift */; };
		F74B2A5C24CAE6D5001A614A /* Main.storyboard in Resources */ = {isa = PBXBuildFile; fileRef = F74B2A5A24CAE6D5001A614A /* Main.storyboard */; };
		F74B2A5E24CAE6DA001A614A /* Assets.xcassets in Resources */ = {isa = PBXBuildFile; fileRef = F74B2A5D24CAE6DA001A614A /* Assets.xcassets */; };
		F74B2A6124CAE6DA001A614A /* LaunchScreen.storyboard in Resources */ = {isa = PBXBuildFile; fileRef = F74B2A5F24CAE6DA001A614A /* LaunchScreen.storyboard */; };
		F74B2A6924CAE851001A614A /* Sensor.swift in Sources */ = {isa = PBXBuildFile; fileRef = F74B2A6824CAE851001A614A /* Sensor.swift */; };
		F74B2A6C24CAF17C001A614A /* MapKit.framework in Frameworks */ = {isa = PBXBuildFile; fileRef = F74B2A6B24CAF17C001A614A /* MapKit.framework */; };
		F761A5E72662F0670053A454 /* SensorTableViewCell.swift in Sources */ = {isa = PBXBuildFile; fileRef = F761A5E62662F0660053A454 /* SensorTableViewCell.swift */; };
/* End PBXBuildFile section */

/* Begin PBXFileReference section */
		F704DA4624E59E640076F6FB /* SensorDetailViewController.swift */ = {isa = PBXFileReference; lastKnownFileType = sourcecode.swift; path = SensorDetailViewController.swift; sourceTree = "<group>"; };
		F704DA4A24E6BA4B0076F6FB /* SensorListViewController.swift */ = {isa = PBXFileReference; lastKnownFileType = sourcecode.swift; path = SensorListViewController.swift; sourceTree = "<group>"; };
		F72023E826235943003C6AC2 /* fi */ = {isa = PBXFileReference; lastKnownFileType = text.plist.strings; name = fi; path = fi.lproj/LaunchScreen.strings; sourceTree = "<group>"; };
		F72023EC26235A07003C6AC2 /* en */ = {isa = PBXFileReference; lastKnownFileType = text.plist.strings; name = en; path = Main.strings; sourceTree = "<group>"; };
		F72023F426235A1E003C6AC2 /* fi */ = {isa = PBXFileReference; lastKnownFileType = text.plist.strings; name = fi; path = LaunchScreen.strings; sourceTree = "<group>"; };
		F72023F626235A1E003C6AC2 /* fi */ = {isa = PBXFileReference; lastKnownFileType = text.plist.strings; name = fi; path = Main.strings; sourceTree = "<group>"; };
		F72023FB26235BA7003C6AC2 /* fi */ = {isa = PBXFileReference; lastKnownFileType = text.plist.strings; name = fi; path = ../fi.lproj/Localizable.strings; sourceTree = "<group>"; };
		F72023FD262361EE003C6AC2 /* en */ = {isa = PBXFileReference; lastKnownFileType = text.plist.strings; name = en; path = en.lproj/Main.strings; sourceTree = "<group>"; };
		F72023FE262361F1003C6AC2 /* fi */ = {isa = PBXFileReference; lastKnownFileType = text.plist.strings; name = fi; path = fi.lproj/Main.strings; sourceTree = "<group>"; };
		F7202409262365B6003C6AC2 /* ru */ = {isa = PBXFileReference; lastKnownFileType = text.plist.strings; name = ru; path = Localizable.strings; sourceTree = "<group>"; };
		F720240D262386F3003C6AC2 /* ru */ = {isa = PBXFileReference; lastKnownFileType = text.plist.strings; name = ru; path = ../ru.lproj/Main.strings; sourceTree = "<group>"; };
		F720240F26238791003C6AC2 /* ru */ = {isa = PBXFileReference; lastKnownFileType = text.plist.strings; name = ru; path = ru.lproj/Main.strings; sourceTree = "<group>"; };
		F74B2A5124CAE6D5001A614A /* HelSwim.app */ = {isa = PBXFileReference; explicitFileType = wrapper.application; includeInIndex = 0; path = HelSwim.app; sourceTree = BUILT_PRODUCTS_DIR; };
		F74B2A5424CAE6D5001A614A /* AppDelegate.swift */ = {isa = PBXFileReference; lastKnownFileType = sourcecode.swift; path = AppDelegate.swift; sourceTree = "<group>"; };
		F74B2A5624CAE6D5001A614A /* SceneDelegate.swift */ = {isa = PBXFileReference; lastKnownFileType = sourcecode.swift; path = SceneDelegate.swift; sourceTree = "<group>"; };
		F74B2A5824CAE6D5001A614A /* MapViewController.swift */ = {isa = PBXFileReference; lastKnownFileType = sourcecode.swift; path = MapViewController.swift; sourceTree = "<group>"; };
		F74B2A5B24CAE6D5001A614A /* Base */ = {isa = PBXFileReference; lastKnownFileType = file.storyboard; name = Base; path = Base.lproj/Main.storyboard; sourceTree = "<group>"; };
		F74B2A5D24CAE6DA001A614A /* Assets.xcassets */ = {isa = PBXFileReference; lastKnownFileType = folder.assetcatalog; path = Assets.xcassets; sourceTree = "<group>"; };
		F74B2A6024CAE6DA001A614A /* Base */ = {isa = PBXFileReference; lastKnownFileType = file.storyboard; name = Base; path = Base.lproj/LaunchScreen.storyboard; sourceTree = "<group>"; };
		F74B2A6224CAE6DA001A614A /* Info.plist */ = {isa = PBXFileReference; lastKnownFileType = text.plist.xml; path = Info.plist; sourceTree = "<group>"; };
		F74B2A6824CAE851001A614A /* Sensor.swift */ = {isa = PBXFileReference; lastKnownFileType = sourcecode.swift; path = Sensor.swift; sourceTree = "<group>"; };
		F74B2A6B24CAF17C001A614A /* MapKit.framework */ = {isa = PBXFileReference; lastKnownFileType = wrapper.framework; name = MapKit.framework; path = System/Library/Frameworks/MapKit.framework; sourceTree = SDKROOT; };
		F761A5E62662F0660053A454 /* SensorTableViewCell.swift */ = {isa = PBXFileReference; fileEncoding = 4; lastKnownFileType = sourcecode.swift; path = SensorTableViewCell.swift; sourceTree = "<group>"; };
/* End PBXFileReference section */

/* Begin PBXFrameworksBuildPhase section */
		F74B2A4E24CAE6D5001A614A /* Frameworks */ = {
			isa = PBXFrameworksBuildPhase;
			buildActionMask = 2147483647;
			files = (
				F74B2A6C24CAF17C001A614A /* MapKit.framework in Frameworks */,
			);
			runOnlyForDeploymentPostprocessing = 0;
		};
/* End PBXFrameworksBuildPhase section */

/* Begin PBXGroup section */
		F72023EA26235A07003C6AC2 /* en.lproj */ = {
			isa = PBXGroup;
			children = (
				F72023ED26235A07003C6AC2 /* Localizable.strings */,
				F72023EB26235A07003C6AC2 /* Main.strings */,
			);
			path = en.lproj;
			sourceTree = "<group>";
		};
		F72023F226235A1E003C6AC2 /* fi.lproj */ = {
			isa = PBXGroup;
			children = (
				F72023F326235A1E003C6AC2 /* LaunchScreen.strings */,
				F72023F526235A1E003C6AC2 /* Main.strings */,
			);
			path = fi.lproj;
			sourceTree = "<group>";
		};
		F72024032623650A003C6AC2 /* ru.lproj */ = {
			isa = PBXGroup;
			children = (
				F7202408262365B6003C6AC2 /* Localizable.strings */,
			);
			path = ru.lproj;
			sourceTree = "<group>";
		};
		F74B2A4824CAE6D5001A614A = {
			isa = PBXGroup;
			children = (
				F74B2A5324CAE6D5001A614A /* HelSwim */,
				F74B2A5224CAE6D5001A614A /* Products */,
				F74B2A6A24CAF17C001A614A /* Frameworks */,
			);
			sourceTree = "<group>";
		};
		F74B2A5224CAE6D5001A614A /* Products */ = {
			isa = PBXGroup;
			children = (
				F74B2A5124CAE6D5001A614A /* HelSwim.app */,
			);
			name = Products;
			sourceTree = "<group>";
		};
		F74B2A5324CAE6D5001A614A /* HelSwim */ = {
			isa = PBXGroup;
			children = (
				F72024032623650A003C6AC2 /* ru.lproj */,
				F72023F226235A1E003C6AC2 /* fi.lproj */,
				F72023EA26235A07003C6AC2 /* en.lproj */,
				F74B2A5424CAE6D5001A614A /* AppDelegate.swift */,
				F74B2A5624CAE6D5001A614A /* SceneDelegate.swift */,
				F74B2A5824CAE6D5001A614A /* MapViewController.swift */,
				F704DA4624E59E640076F6FB /* SensorDetailViewController.swift */,
				F704DA4A24E6BA4B0076F6FB /* SensorListViewController.swift */,
				F761A5E62662F0660053A454 /* SensorTableViewCell.swift */,
				F74B2A6824CAE851001A614A /* Sensor.swift */,
				F74B2A5A24CAE6D5001A614A /* Main.storyboard */,
				F74B2A5D24CAE6DA001A614A /* Assets.xcassets */,
				F74B2A5F24CAE6DA001A614A /* LaunchScreen.storyboard */,
				F74B2A6224CAE6DA001A614A /* Info.plist */,
			);
			path = HelSwim;
			sourceTree = "<group>";
		};
		F74B2A6A24CAF17C001A614A /* Frameworks */ = {
			isa = PBXGroup;
			children = (
				F74B2A6B24CAF17C001A614A /* MapKit.framework */,
			);
			name = Frameworks;
			sourceTree = "<group>";
		};
/* End PBXGroup section */

/* Begin PBXNativeTarget section */
		F74B2A5024CAE6D5001A614A /* HelSwim */ = {
			isa = PBXNativeTarget;
			buildConfigurationList = F74B2A6524CAE6DA001A614A /* Build configuration list for PBXNativeTarget "HelSwim" */;
			buildPhases = (
				F74B2A4D24CAE6D5001A614A /* Sources */,
				F74B2A4E24CAE6D5001A614A /* Frameworks */,
				F74B2A4F24CAE6D5001A614A /* Resources */,
			);
			buildRules = (
			);
			dependencies = (
			);
			name = HelSwim;
			productName = HelSwim;
			productReference = F74B2A5124CAE6D5001A614A /* HelSwim.app */;
			productType = "com.apple.product-type.application";
		};
/* End PBXNativeTarget section */

/* Begin PBXProject section */
		F74B2A4924CAE6D5001A614A /* Project object */ = {
			isa = PBXProject;
			attributes = {
				LastSwiftUpdateCheck = 1160;
				LastUpgradeCheck = 1160;
				ORGANIZATIONNAME = "GLEB TISHCHENKO";
				TargetAttributes = {
					F74B2A5024CAE6D5001A614A = {
						CreatedOnToolsVersion = 11.6;
					};
				};
			};
			buildConfigurationList = F74B2A4C24CAE6D5001A614A /* Build configuration list for PBXProject "HelSwim" */;
			compatibilityVersion = "Xcode 9.3";
			developmentRegion = en;
			hasScannedForEncodings = 0;
			knownRegions = (
				en,
				Base,
				fi,
				ru,
			);
			mainGroup = F74B2A4824CAE6D5001A614A;
			productRefGroup = F74B2A5224CAE6D5001A614A /* Products */;
			projectDirPath = "";
			projectRoot = "";
			targets = (
				F74B2A5024CAE6D5001A614A /* HelSwim */,
			);
		};
/* End PBXProject section */

/* Begin PBXResourcesBuildPhase section */
		F74B2A4F24CAE6D5001A614A /* Resources */ = {
			isa = PBXResourcesBuildPhase;
			buildActionMask = 2147483647;
			files = (
				F72023F026235A07003C6AC2 /* Localizable.strings in Resources */,
				F72023F726235A1E003C6AC2 /* LaunchScreen.strings in Resources */,
				F74B2A6124CAE6DA001A614A /* LaunchScreen.storyboard in Resources */,
				F720240A262365B6003C6AC2 /* Localizable.strings in Resources */,
				F72023EF26235A07003C6AC2 /* Main.strings in Resources */,
				F72023F826235A1E003C6AC2 /* Main.strings in Resources */,
				F74B2A5E24CAE6DA001A614A /* Assets.xcassets in Resources */,
				F74B2A5C24CAE6D5001A614A /* Main.storyboard in Resources */,
			);
			runOnlyForDeploymentPostprocessing = 0;
		};
/* End PBXResourcesBuildPhase section */

/* Begin PBXSourcesBuildPhase section */
		F74B2A4D24CAE6D5001A614A /* Sources */ = {
			isa = PBXSourcesBuildPhase;
			buildActionMask = 2147483647;
			files = (
				F74B2A6924CAE851001A614A /* Sensor.swift in Sources */,
				F704DA4724E59E640076F6FB /* SensorDetailViewController.swift in Sources */,
				F704DA4B24E6BA4B0076F6FB /* SensorListViewController.swift in Sources */,
				F74B2A5924CAE6D5001A614A /* MapViewController.swift in Sources */,
				F74B2A5524CAE6D5001A614A /* AppDelegate.swift in Sources */,
				F761A5E72662F0670053A454 /* SensorTableViewCell.swift in Sources */,
				F74B2A5724CAE6D5001A614A /* SceneDelegate.swift in Sources */,
			);
			runOnlyForDeploymentPostprocessing = 0;
		};
/* End PBXSourcesBuildPhase section */

/* Begin PBXVariantGroup section */
		F72023EB26235A07003C6AC2 /* Main.strings */ = {
			isa = PBXVariantGroup;
			children = (
				F72023EC26235A07003C6AC2 /* en */,
				F720240D262386F3003C6AC2 /* ru */,
			);
			name = Main.strings;
			sourceTree = "<group>";
		};
		F72023ED26235A07003C6AC2 /* Localizable.strings */ = {
			isa = PBXVariantGroup;
			children = (
				F72023FB26235BA7003C6AC2 /* fi */,
			);
			name = Localizable.strings;
			sourceTree = "<group>";
		};
		F72023F326235A1E003C6AC2 /* LaunchScreen.strings */ = {
			isa = PBXVariantGroup;
			children = (
				F72023F426235A1E003C6AC2 /* fi */,
			);
			name = LaunchScreen.strings;
			sourceTree = "<group>";
		};
		F72023F526235A1E003C6AC2 /* Main.strings */ = {
			isa = PBXVariantGroup;
			children = (
				F72023F626235A1E003C6AC2 /* fi */,
			);
			name = Main.strings;
			sourceTree = "<group>";
		};
		F7202408262365B6003C6AC2 /* Localizable.strings */ = {
			isa = PBXVariantGroup;
			children = (
				F7202409262365B6003C6AC2 /* ru */,
			);
			name = Localizable.strings;
			sourceTree = "<group>";
		};
		F74B2A5A24CAE6D5001A614A /* Main.storyboard */ = {
			isa = PBXVariantGroup;
			children = (
				F74B2A5B24CAE6D5001A614A /* Base */,
				F72023FD262361EE003C6AC2 /* en */,
				F72023FE262361F1003C6AC2 /* fi */,
				F720240F26238791003C6AC2 /* ru */,
			);
			name = Main.storyboard;
			sourceTree = "<group>";
		};
		F74B2A5F24CAE6DA001A614A /* LaunchScreen.storyboard */ = {
			isa = PBXVariantGroup;
			children = (
				F74B2A6024CAE6DA001A614A /* Base */,
				F72023E826235943003C6AC2 /* fi */,
			);
			name = LaunchScreen.storyboard;
			sourceTree = "<group>";
		};
/* End PBXVariantGroup section */

/* Begin XCBuildConfiguration section */
		F74B2A6324CAE6DA001A614A /* Debug */ = {
			isa = XCBuildConfiguration;
			buildSettings = {
				ALWAYS_SEARCH_USER_PATHS = NO;
				CLANG_ANALYZER_LOCALIZABILITY_NONLOCALIZED = YES;
				CLANG_ANALYZER_NONNULL = YES;
				CLANG_ANALYZER_NUMBER_OBJECT_CONVERSION = YES_AGGRESSIVE;
				CLANG_CXX_LANGUAGE_STANDARD = "gnu++14";
				CLANG_CXX_LIBRARY = "libc++";
				CLANG_ENABLE_MODULES = YES;
				CLANG_ENABLE_OBJC_ARC = YES;
				CLANG_ENABLE_OBJC_WEAK = YES;
				CLANG_WARN_BLOCK_CAPTURE_AUTORELEASING = YES;
				CLANG_WARN_BOOL_CONVERSION = YES;
				CLANG_WARN_COMMA = YES;
				CLANG_WARN_CONSTANT_CONVERSION = YES;
				CLANG_WARN_DEPRECATED_OBJC_IMPLEMENTATIONS = YES;
				CLANG_WARN_DIRECT_OBJC_ISA_USAGE = YES_ERROR;
				CLANG_WARN_DOCUMENTATION_COMMENTS = YES;
				CLANG_WARN_EMPTY_BODY = YES;
				CLANG_WARN_ENUM_CONVERSION = YES;
				CLANG_WARN_INFINITE_RECURSION = YES;
				CLANG_WARN_INT_CONVERSION = YES;
				CLANG_WARN_NON_LITERAL_NULL_CONVERSION = YES;
				CLANG_WARN_OBJC_IMPLICIT_RETAIN_SELF = YES;
				CLANG_WARN_OBJC_LITERAL_CONVERSION = YES;
				CLANG_WARN_OBJC_ROOT_CLASS = YES_ERROR;
				CLANG_WARN_RANGE_LOOP_ANALYSIS = YES;
				CLANG_WARN_STRICT_PROTOTYPES = YES;
				CLANG_WARN_SUSPICIOUS_MOVE = YES;
				CLANG_WARN_UNGUARDED_AVAILABILITY = YES_AGGRESSIVE;
				CLANG_WARN_UNREACHABLE_CODE = YES;
				CLANG_WARN__DUPLICATE_METHOD_MATCH = YES;
				COPY_PHASE_STRIP = NO;
				DEBUG_INFORMATION_FORMAT = dwarf;
				ENABLE_STRICT_OBJC_MSGSEND = YES;
				ENABLE_TESTABILITY = YES;
				GCC_C_LANGUAGE_STANDARD = gnu11;
				GCC_DYNAMIC_NO_PIC = NO;
				GCC_NO_COMMON_BLOCKS = YES;
				GCC_OPTIMIZATION_LEVEL = 0;
				GCC_PREPROCESSOR_DEFINITIONS = (
					"DEBUG=1",
					"$(inherited)",
				);
				GCC_WARN_64_TO_32_BIT_CONVERSION = YES;
				GCC_WARN_ABOUT_RETURN_TYPE = YES_ERROR;
				GCC_WARN_UNDECLARED_SELECTOR = YES;
				GCC_WARN_UNINITIALIZED_AUTOS = YES_AGGRESSIVE;
				GCC_WARN_UNUSED_FUNCTION = YES;
				GCC_WARN_UNUSED_VARIABLE = YES;
				IPHONEOS_DEPLOYMENT_TARGET = 13.6;
				MTL_ENABLE_DEBUG_INFO = INCLUDE_SOURCE;
				MTL_FAST_MATH = YES;
				ONLY_ACTIVE_ARCH = YES;
				SDKROOT = iphoneos;
				SWIFT_ACTIVE_COMPILATION_CONDITIONS = DEBUG;
				SWIFT_OPTIMIZATION_LEVEL = "-Onone";
			};
			name = Debug;
		};
		F74B2A6424CAE6DA001A614A /* Release */ = {
			isa = XCBuildConfiguration;
			buildSettings = {
				ALWAYS_SEARCH_USER_PATHS = NO;
				CLANG_ANALYZER_LOCALIZABILITY_NONLOCALIZED = YES;
				CLANG_ANALYZER_NONNULL = YES;
				CLANG_ANALYZER_NUMBER_OBJECT_CONVERSION = YES_AGGRESSIVE;
				CLANG_CXX_LANGUAGE_STANDARD = "gnu++14";
				CLANG_CXX_LIBRARY = "libc++";
				CLANG_ENABLE_MODULES = YES;
				CLANG_ENABLE_OBJC_ARC = YES;
				CLANG_ENABLE_OBJC_WEAK = YES;
				CLANG_WARN_BLOCK_CAPTURE_AUTORELEASING = YES;
				CLANG_WARN_BOOL_CONVERSION = YES;
				CLANG_WARN_COMMA = YES;
				CLANG_WARN_CONSTANT_CONVERSION = YES;
				CLANG_WARN_DEPRECATED_OBJC_IMPLEMENTATIONS = YES;
				CLANG_WARN_DIRECT_OBJC_ISA_USAGE = YES_ERROR;
				CLANG_WARN_DOCUMENTATION_COMMENTS = YES;
				CLANG_WARN_EMPTY_BODY = YES;
				CLANG_WARN_ENUM_CONVERSION = YES;
				CLANG_WARN_INFINITE_RECURSION = YES;
				CLANG_WARN_INT_CONVERSION = YES;
				CLANG_WARN_NON_LITERAL_NULL_CONVERSION = YES;
				CLANG_WARN_OBJC_IMPLICIT_RETAIN_SELF = YES;
				CLANG_WARN_OBJC_LITERAL_CONVERSION = YES;
				CLANG_WARN_OBJC_ROOT_CLASS = YES_ERROR;
				CLANG_WARN_RANGE_LOOP_ANALYSIS = YES;
				CLANG_WARN_STRICT_PROTOTYPES = YES;
				CLANG_WARN_SUSPICIOUS_MOVE = YES;
				CLANG_WARN_UNGUARDED_AVAILABILITY = YES_AGGRESSIVE;
				CLANG_WARN_UNREACHABLE_CODE = YES;
				CLANG_WARN__DUPLICATE_METHOD_MATCH = YES;
				COPY_PHASE_STRIP = NO;
				DEBUG_INFORMATION_FORMAT = "dwarf-with-dsym";
				ENABLE_NS_ASSERTIONS = NO;
				ENABLE_STRICT_OBJC_MSGSEND = YES;
				GCC_C_LANGUAGE_STANDARD = gnu11;
				GCC_NO_COMMON_BLOCKS = YES;
				GCC_WARN_64_TO_32_BIT_CONVERSION = YES;
				GCC_WARN_ABOUT_RETURN_TYPE = YES_ERROR;
				GCC_WARN_UNDECLARED_SELECTOR = YES;
				GCC_WARN_UNINITIALIZED_AUTOS = YES_AGGRESSIVE;
				GCC_WARN_UNUSED_FUNCTION = YES;
				GCC_WARN_UNUSED_VARIABLE = YES;
				IPHONEOS_DEPLOYMENT_TARGET = 13.6;
				MTL_ENABLE_DEBUG_INFO = NO;
				MTL_FAST_MATH = YES;
				SDKROOT = iphoneos;
				SWIFT_COMPILATION_MODE = wholemodule;
				SWIFT_OPTIMIZATION_LEVEL = "-O";
				VALIDATE_PRODUCT = YES;
			};
			name = Release;
		};
		F74B2A6624CAE6DA001A614A /* Debug */ = {
			isa = XCBuildConfiguration;
			buildSettings = {
				ASSETCATALOG_COMPILER_APPICON_NAME = AppIcon;
				CODE_SIGN_STYLE = Automatic;
				DEVELOPMENT_TEAM = SS5NLXW3S5;
				INFOPLIST_FILE = HelSwim/Info.plist;
				IPHONEOS_DEPLOYMENT_TARGET = 14.2;
				LD_RUNPATH_SEARCH_PATHS = (
					"$(inherited)",
					"@executable_path/Frameworks",
				);
				PRODUCT_BUNDLE_IDENTIFIER = com.afewdevelopers.HelSwim;
				PRODUCT_NAME = "$(TARGET_NAME)";
				SWIFT_VERSION = 5.0;
				TARGETED_DEVICE_FAMILY = "1,2";
			};
			name = Debug;
		};
		F74B2A6724CAE6DA001A614A /* Release */ = {
			isa = XCBuildConfiguration;
			buildSettings = {
				ASSETCATALOG_COMPILER_APPICON_NAME = AppIcon;
				CODE_SIGN_STYLE = Automatic;
				DEVELOPMENT_TEAM = SS5NLXW3S5;
				INFOPLIST_FILE = HelSwim/Info.plist;
				IPHONEOS_DEPLOYMENT_TARGET = 14.2;
				LD_RUNPATH_SEARCH_PATHS = (
					"$(inherited)",
					"@executable_path/Frameworks",
				);
				PRODUCT_BUNDLE_IDENTIFIER = com.afewdevelopers.HelSwim;
				PRODUCT_NAME = "$(TARGET_NAME)";
				SWIFT_VERSION = 5.0;
				TARGETED_DEVICE_FAMILY = "1,2";
			};
			name = Release;
		};
/* End XCBuildConfiguration section */

/* Begin XCConfigurationList section */
		F74B2A4C24CAE6D5001A614A /* Build configuration list for PBXProject "HelSwim" */ = {
			isa = XCConfigurationList;
			buildConfigurations = (
				F74B2A6324CAE6DA001A614A /* Debug */,
				F74B2A6424CAE6DA001A614A /* Release */,
			);
			defaultConfigurationIsVisible = 0;
			defaultConfigurationName = Release;
		};
		F74B2A6524CAE6DA001A614A /* Build configuration list for PBXNativeTarget "HelSwim" */ = {
			isa = XCConfigurationList;
			buildConfigurations = (
				F74B2A6624CAE6DA001A614A /* Debug */,
				F74B2A6724CAE6DA001A614A /* Release */,
			);
			defaultConfigurationIsVisible = 0;
			defaultConfigurationName = Release;
		};
/* End XCConfigurationList section */
	};
	rootObject = F74B2A4924CAE6D5001A614A /* Project object */;
}
