// !$*UTF8*$!
{
	archiveVersion = 1;
	classes = {
	};
	objectVersion = 50;
	objects = {

/* Begin PBXBuildFile section */
		F704DA4724E59E640076F6FB /* SensorDetailViewController.swift in Sources */ = {isa = PBXBuildFile; fileRef = F704DA4624E59E640076F6FB /* SensorDetailViewController.swift */; };
		F704DA4B24E6BA4B0076F6FB /* SensorListViewController.swift in Sources */ = {isa = PBXBuildFile; fileRef = F704DA4A24E6BA4B0076F6FB /* SensorListViewController.swift */; };
		F74B2A5524CAE6D5001A614A /* AppDelegate.swift in Sources */ = {isa = PBXBuildFile; fileRef = F74B2A5424CAE6D5001A614A /* AppDelegate.swift */; };
		F74B2A5724CAE6D5001A614A /* SceneDelegate.swift in Sources */ = {isa = PBXBuildFile; fileRef = F74B2A5624CAE6D5001A614A /* SceneDelegate.swift */; };
		F74B2A5924CAE6D5001A614A /* MapViewController.swift in Sources */ = {isa = PBXBuildFile; fileRef = F74B2A5824CAE6D5001A614A /* MapViewController.swift */; };
		F74B2A5C24CAE6D5001A614A /* Main.storyboard in Resources */ = {isa = PBXBuildFile; fileRef = F74B2A5A24CAE6D5001A614A /* Main.storyboard */; };
		F74B2A5E24CAE6DA001A614A /* Assets.xcassets in Resources */ = {isa = PBXBuildFile; fileRef = F74B2A5D24CAE6DA001A614A /* Assets.xcassets */; };
		F74B2A6124CAE6DA001A614A /* LaunchScreen.storyboard in Resources */ = {isa = PBXBuildFile; fileRef = F74B2A5F24CAE6DA001A614A /* LaunchScreen.storyboard */; };
		F74B2A6924CAE851001A614A /* Sensor.swift in Sources */ = {isa = PBXBuildFile; fileRef = F74B2A6824CAE851001A614A /* Sensor.swift */; };
		F74B2A6C24CAF17C001A614A /* MapKit.framework in Frameworks */ = {isa = PBXBuildFile; fileRef = F74B2A6B24CAF17C001A614A /* MapKit.framework */; };
		F7D90502253DA9B500384A0C /* SensorDataLoader.swift in Sources */ = {isa = PBXBuildFile; fileRef = F7D90501253DA9B500384A0C /* SensorDataLoader.swift */; };
		F7D9050C253DD89F00384A0C /* WidgetKit.framework in Frameworks */ = {isa = PBXBuildFile; fileRef = F7D9050B253DD89F00384A0C /* WidgetKit.framework */; };
		F7D9050E253DD89F00384A0C /* SwiftUI.framework in Frameworks */ = {isa = PBXBuildFile; fileRef = F7D9050D253DD89F00384A0C /* SwiftUI.framework */; };
		F7D90511253DD89F00384A0C /* Sensor_Widget.swift in Sources */ = {isa = PBXBuildFile; fileRef = F7D90510253DD89F00384A0C /* Sensor_Widget.swift */; };
		F7D90513253DD8A200384A0C /* Assets.xcassets in Resources */ = {isa = PBXBuildFile; fileRef = F7D90512253DD8A200384A0C /* Assets.xcassets */; };
		F7D90517253DD8A200384A0C /* Sensor WidgetExtension.appex in Embed App Extensions */ = {isa = PBXBuildFile; fileRef = F7D9050A253DD89F00384A0C /* Sensor WidgetExtension.appex */; settings = {ATTRIBUTES = (RemoveHeadersOnCopy, ); }; };
		F7D9051E253DD8FE00384A0C /* Sensor.swift in Sources */ = {isa = PBXBuildFile; fileRef = F74B2A6824CAE851001A614A /* Sensor.swift */; };
		F7D90527253DD9DD00384A0C /* SensorWidgetView.swift in Sources */ = {isa = PBXBuildFile; fileRef = F7D90526253DD9DD00384A0C /* SensorWidgetView.swift */; };
		F7D9052E253E210500384A0C /* SensorWidgetView.swift in Sources */ = {isa = PBXBuildFile; fileRef = F7D90526253DD9DD00384A0C /* SensorWidgetView.swift */; };
/* End PBXBuildFile section */

/* Begin PBXContainerItemProxy section */
		F7D90515253DD8A200384A0C /* PBXContainerItemProxy */ = {
			isa = PBXContainerItemProxy;
			containerPortal = F74B2A4924CAE6D5001A614A /* Project object */;
			proxyType = 1;
			remoteGlobalIDString = F7D90509253DD89F00384A0C;
			remoteInfo = "Sensor WidgetExtension";
		};
/* End PBXContainerItemProxy section */

/* Begin PBXCopyFilesBuildPhase section */
		F7D90518253DD8A200384A0C /* Embed App Extensions */ = {
			isa = PBXCopyFilesBuildPhase;
			buildActionMask = 2147483647;
			dstPath = "";
			dstSubfolderSpec = 13;
			files = (
				F7D90517253DD8A200384A0C /* Sensor WidgetExtension.appex in Embed App Extensions */,
			);
			name = "Embed App Extensions";
			runOnlyForDeploymentPostprocessing = 0;
		};
/* End PBXCopyFilesBuildPhase section */

/* Begin PBXFileReference section */
		F704DA4624E59E640076F6FB /* SensorDetailViewController.swift */ = {isa = PBXFileReference; lastKnownFileType = sourcecode.swift; path = SensorDetailViewController.swift; sourceTree = "<group>"; };
		F704DA4A24E6BA4B0076F6FB /* SensorListViewController.swift */ = {isa = PBXFileReference; lastKnownFileType = sourcecode.swift; path = SensorListViewController.swift; sourceTree = "<group>"; };
		F74B2A5124CAE6D5001A614A /* HelSwim.app */ = {isa = PBXFileReference; explicitFileType = wrapper.application; includeInIndex = 0; path = HelSwim.app; sourceTree = BUILT_PRODUCTS_DIR; };
		F74B2A5424CAE6D5001A614A /* AppDelegate.swift */ = {isa = PBXFileReference; lastKnownFileType = sourcecode.swift; path = AppDelegate.swift; sourceTree = "<group>"; };
		F74B2A5624CAE6D5001A614A /* SceneDelegate.swift */ = {isa = PBXFileReference; lastKnownFileType = sourcecode.swift; path = SceneDelegate.swift; sourceTree = "<group>"; };
		F74B2A5824CAE6D5001A614A /* MapViewController.swift */ = {isa = PBXFileReference; lastKnownFileType = sourcecode.swift; path = MapViewController.swift; sourceTree = "<group>"; };
		F74B2A5B24CAE6D5001A614A /* Base */ = {isa = PBXFileReference; lastKnownFileType = file.storyboard; name = Base; path = Base.lproj/Main.storyboard; sourceTree = "<group>"; };
		F74B2A5D24CAE6DA001A614A /* Assets.xcassets */ = {isa = PBXFileReference; lastKnownFileType = folder.assetcatalog; path = Assets.xcassets; sourceTree = "<group>"; };
		F74B2A6024CAE6DA001A614A /* Base */ = {isa = PBXFileReference; lastKnownFileType = file.storyboard; name = Base; path = Base.lproj/LaunchScreen.storyboard; sourceTree = "<group>"; };
		F74B2A6224CAE6DA001A614A /* Info.plist */ = {isa = PBXFileReference; lastKnownFileType = text.plist.xml; path = Info.plist; sourceTree = "<group>"; };
		F74B2A6824CAE851001A614A /* Sensor.swift */ = {isa = PBXFileReference; lastKnownFileType = sourcecode.swift; path = Sensor.swift; sourceTree = "<group>"; };
		F74B2A6B24CAF17C001A614A /* MapKit.framework */ = {isa = PBXFileReference; lastKnownFileType = wrapper.framework; name = MapKit.framework; path = System/Library/Frameworks/MapKit.framework; sourceTree = SDKROOT; };
		F7D90501253DA9B500384A0C /* SensorDataLoader.swift */ = {isa = PBXFileReference; lastKnownFileType = sourcecode.swift; path = SensorDataLoader.swift; sourceTree = "<group>"; };
		F7D9050A253DD89F00384A0C /* Sensor WidgetExtension.appex */ = {isa = PBXFileReference; explicitFileType = "wrapper.app-extension"; includeInIndex = 0; path = "Sensor WidgetExtension.appex"; sourceTree = BUILT_PRODUCTS_DIR; };
		F7D9050B253DD89F00384A0C /* WidgetKit.framework */ = {isa = PBXFileReference; lastKnownFileType = wrapper.framework; name = WidgetKit.framework; path = System/Library/Frameworks/WidgetKit.framework; sourceTree = SDKROOT; };
		F7D9050D253DD89F00384A0C /* SwiftUI.framework */ = {isa = PBXFileReference; lastKnownFileType = wrapper.framework; name = SwiftUI.framework; path = System/Library/Frameworks/SwiftUI.framework; sourceTree = SDKROOT; };
		F7D90510253DD89F00384A0C /* Sensor_Widget.swift */ = {isa = PBXFileReference; lastKnownFileType = sourcecode.swift; path = Sensor_Widget.swift; sourceTree = "<group>"; };
		F7D90512253DD8A200384A0C /* Assets.xcassets */ = {isa = PBXFileReference; lastKnownFileType = folder.assetcatalog; path = Assets.xcassets; sourceTree = "<group>"; };
		F7D90514253DD8A200384A0C /* Info.plist */ = {isa = PBXFileReference; lastKnownFileType = text.plist.xml; path = Info.plist; sourceTree = "<group>"; };
		F7D90526253DD9DD00384A0C /* SensorWidgetView.swift */ = {isa = PBXFileReference; lastKnownFileType = sourcecode.swift; path = SensorWidgetView.swift; sourceTree = "<group>"; };
/* End PBXFileReference section */

/* Begin PBXFrameworksBuildPhase section */
		F74B2A4E24CAE6D5001A614A /* Frameworks */ = {
			isa = PBXFrameworksBuildPhase;
			buildActionMask = 2147483647;
			files = (
				F74B2A6C24CAF17C001A614A /* MapKit.framework in Frameworks */,
			);
			runOnlyForDeploymentPostprocessing = 0;
		};
		F7D90507253DD89F00384A0C /* Frameworks */ = {
			isa = PBXFrameworksBuildPhase;
			buildActionMask = 2147483647;
			files = (
				F7D9050E253DD89F00384A0C /* SwiftUI.framework in Frameworks */,
				F7D9050C253DD89F00384A0C /* WidgetKit.framework in Frameworks */,
			);
			runOnlyForDeploymentPostprocessing = 0;
		};
/* End PBXFrameworksBuildPhase section */

/* Begin PBXGroup section */
		F74B2A4824CAE6D5001A614A = {
			isa = PBXGroup;
			children = (
				F74B2A5324CAE6D5001A614A /* HelSwim */,
				F7D9050F253DD89F00384A0C /* Sensor Widget */,
				F74B2A5224CAE6D5001A614A /* Products */,
				F74B2A6A24CAF17C001A614A /* Frameworks */,
			);
			sourceTree = "<group>";
		};
		F74B2A5224CAE6D5001A614A /* Products */ = {
			isa = PBXGroup;
			children = (
				F74B2A5124CAE6D5001A614A /* HelSwim.app */,
				F7D9050A253DD89F00384A0C /* Sensor WidgetExtension.appex */,
			);
			name = Products;
			sourceTree = "<group>";
		};
		F74B2A5324CAE6D5001A614A /* HelSwim */ = {
			isa = PBXGroup;
			children = (
				F74B2A5424CAE6D5001A614A /* AppDelegate.swift */,
				F74B2A5624CAE6D5001A614A /* SceneDelegate.swift */,
				F7D90501253DA9B500384A0C /* SensorDataLoader.swift */,
				F74B2A5824CAE6D5001A614A /* MapViewController.swift */,
				F704DA4624E59E640076F6FB /* SensorDetailViewController.swift */,
				F704DA4A24E6BA4B0076F6FB /* SensorListViewController.swift */,
				F74B2A6824CAE851001A614A /* Sensor.swift */,
				F74B2A5A24CAE6D5001A614A /* Main.storyboard */,
				F74B2A5D24CAE6DA001A614A /* Assets.xcassets */,
				F74B2A5F24CAE6DA001A614A /* LaunchScreen.storyboard */,
				F74B2A6224CAE6DA001A614A /* Info.plist */,
			);
			path = HelSwim;
			sourceTree = "<group>";
		};
		F74B2A6A24CAF17C001A614A /* Frameworks */ = {
			isa = PBXGroup;
			children = (
				F74B2A6B24CAF17C001A614A /* MapKit.framework */,
				F7D9050B253DD89F00384A0C /* WidgetKit.framework */,
				F7D9050D253DD89F00384A0C /* SwiftUI.framework */,
			);
			name = Frameworks;
			sourceTree = "<group>";
		};
		F7D9050F253DD89F00384A0C /* Sensor Widget */ = {
			isa = PBXGroup;
			children = (
				F7D90510253DD89F00384A0C /* Sensor_Widget.swift */,
				F7D90526253DD9DD00384A0C /* SensorWidgetView.swift */,
				F7D90512253DD8A200384A0C /* Assets.xcassets */,
				F7D90514253DD8A200384A0C /* Info.plist */,
			);
			path = "Sensor Widget";
			sourceTree = "<group>";
		};
/* End PBXGroup section */

/* Begin PBXNativeTarget section */
		F74B2A5024CAE6D5001A614A /* HelSwim */ = {
			isa = PBXNativeTarget;
			buildConfigurationList = F74B2A6524CAE6DA001A614A /* Build configuration list for PBXNativeTarget "HelSwim" */;
			buildPhases = (
				F74B2A4D24CAE6D5001A614A /* Sources */,
				F74B2A4E24CAE6D5001A614A /* Frameworks */,
				F74B2A4F24CAE6D5001A614A /* Resources */,
				F7D90518253DD8A200384A0C /* Embed App Extensions */,
			);
			buildRules = (
			);
			dependencies = (
				F7D90516253DD8A200384A0C /* PBXTargetDependency */,
			);
			name = HelSwim;
			productName = HelSwim;
			productReference = F74B2A5124CAE6D5001A614A /* HelSwim.app */;
			productType = "com.apple.product-type.application";
		};
		F7D90509253DD89F00384A0C /* Sensor WidgetExtension */ = {
			isa = PBXNativeTarget;
			buildConfigurationList = F7D9051B253DD8A200384A0C /* Build configuration list for PBXNativeTarget "Sensor WidgetExtension" */;
			buildPhases = (
				F7D90506253DD89F00384A0C /* Sources */,
				F7D90507253DD89F00384A0C /* Frameworks */,
				F7D90508253DD89F00384A0C /* Resources */,
			);
			buildRules = (
			);
			dependencies = (
			);
			name = "Sensor WidgetExtension";
			productName = "Sensor WidgetExtension";
			productReference = F7D9050A253DD89F00384A0C /* Sensor WidgetExtension.appex */;
			productType = "com.apple.product-type.app-extension";
		};
/* End PBXNativeTarget section */

/* Begin PBXProject section */
		F74B2A4924CAE6D5001A614A /* Project object */ = {
			isa = PBXProject;
			attributes = {
				LastSwiftUpdateCheck = 1200;
				LastUpgradeCheck = 1160;
				ORGANIZATIONNAME = "GLEB TISHCHENKO";
				TargetAttributes = {
					F74B2A5024CAE6D5001A614A = {
						CreatedOnToolsVersion = 11.6;
					};
					F7D90509253DD89F00384A0C = {
						CreatedOnToolsVersion = 12.0.1;
					};
				};
			};
			buildConfigurationList = F74B2A4C24CAE6D5001A614A /* Build configuration list for PBXProject "HelSwim" */;
			compatibilityVersion = "Xcode 9.3";
			developmentRegion = en;
			hasScannedForEncodings = 0;
			knownRegions = (
				en,
				Base,
			);
			mainGroup = F74B2A4824CAE6D5001A614A;
			productRefGroup = F74B2A5224CAE6D5001A614A /* Products */;
			projectDirPath = "";
			projectRoot = "";
			targets = (
				F74B2A5024CAE6D5001A614A /* HelSwim */,
				F7D90509253DD89F00384A0C /* Sensor WidgetExtension */,
			);
		};
/* End PBXProject section */

/* Begin PBXResourcesBuildPhase section */
		F74B2A4F24CAE6D5001A614A /* Resources */ = {
			isa = PBXResourcesBuildPhase;
			buildActionMask = 2147483647;
			files = (
				F74B2A6124CAE6DA001A614A /* LaunchScreen.storyboard in Resources */,
				F74B2A5E24CAE6DA001A614A /* Assets.xcassets in Resources */,
				F74B2A5C24CAE6D5001A614A /* Main.storyboard in Resources */,
			);
			runOnlyForDeploymentPostprocessing = 0;
		};
		F7D90508253DD89F00384A0C /* Resources */ = {
			isa = PBXResourcesBuildPhase;
			buildActionMask = 2147483647;
			files = (
				F7D90513253DD8A200384A0C /* Assets.xcassets in Resources */,
			);
			runOnlyForDeploymentPostprocessing = 0;
		};
/* End PBXResourcesBuildPhase section */

/* Begin PBXSourcesBuildPhase section */
		F74B2A4D24CAE6D5001A614A /* Sources */ = {
			isa = PBXSourcesBuildPhase;
			buildActionMask = 2147483647;
			files = (
				F7D90502253DA9B500384A0C /* SensorDataLoader.swift in Sources */,
				F74B2A6924CAE851001A614A /* Sensor.swift in Sources */,
				F7D90527253DD9DD00384A0C /* SensorWidgetView.swift in Sources */,
				F704DA4724E59E640076F6FB /* SensorDetailViewController.swift in Sources */,
				F704DA4B24E6BA4B0076F6FB /* SensorListViewController.swift in Sources */,
				F74B2A5924CAE6D5001A614A /* MapViewController.swift in Sources */,
				F74B2A5524CAE6D5001A614A /* AppDelegate.swift in Sources */,
				F74B2A5724CAE6D5001A614A /* SceneDelegate.swift in Sources */,
			);
			runOnlyForDeploymentPostprocessing = 0;
		};
		F7D90506253DD89F00384A0C /* Sources */ = {
			isa = PBXSourcesBuildPhase;
			buildActionMask = 2147483647;
			files = (
				F7D90511253DD89F00384A0C /* Sensor_Widget.swift in Sources */,
				F7D9051E253DD8FE00384A0C /* Sensor.swift in Sources */,
				F7D9052E253E210500384A0C /* SensorWidgetView.swift in Sources */,
			);
			runOnlyForDeploymentPostprocessing = 0;
		};
/* End PBXSourcesBuildPhase section */

/* Begin PBXTargetDependency section */
		F7D90516253DD8A200384A0C /* PBXTargetDependency */ = {
			isa = PBXTargetDependency;
			target = F7D90509253DD89F00384A0C /* Sensor WidgetExtension */;
			targetProxy = F7D90515253DD8A200384A0C /* PBXContainerItemProxy */;
		};
/* End PBXTargetDependency section */

/* Begin PBXVariantGroup section */
		F74B2A5A24CAE6D5001A614A /* Main.storyboard */ = {
			isa = PBXVariantGroup;
			children = (
				F74B2A5B24CAE6D5001A614A /* Base */,
			);
			name = Main.storyboard;
			sourceTree = "<group>";
		};
		F74B2A5F24CAE6DA001A614A /* LaunchScreen.storyboard */ = {
			isa = PBXVariantGroup;
			children = (
				F74B2A6024CAE6DA001A614A /* Base */,
			);
			name = LaunchScreen.storyboard;
			sourceTree = "<group>";
		};
/* End PBXVariantGroup section */

/* Begin XCBuildConfiguration section */
		F74B2A6324CAE6DA001A614A /* Debug */ = {
			isa = XCBuildConfiguration;
			buildSettings = {
				ALWAYS_SEARCH_USER_PATHS = NO;
				CLANG_ANALYZER_NONNULL = YES;
				CLANG_ANALYZER_NUMBER_OBJECT_CONVERSION = YES_AGGRESSIVE;
				CLANG_CXX_LANGUAGE_STANDARD = "gnu++14";
				CLANG_CXX_LIBRARY = "libc++";
				CLANG_ENABLE_MODULES = YES;
				CLANG_ENABLE_OBJC_ARC = YES;
				CLANG_ENABLE_OBJC_WEAK = YES;
				CLANG_WARN_BLOCK_CAPTURE_AUTORELEASING = YES;
				CLANG_WARN_BOOL_CONVERSION = YES;
				CLANG_WARN_COMMA = YES;
				CLANG_WARN_CONSTANT_CONVERSION = YES;
				CLANG_WARN_DEPRECATED_OBJC_IMPLEMENTATIONS = YES;
				CLANG_WARN_DIRECT_OBJC_ISA_USAGE = YES_ERROR;
				CLANG_WARN_DOCUMENTATION_COMMENTS = YES;
				CLANG_WARN_EMPTY_BODY = YES;
				CLANG_WARN_ENUM_CONVERSION = YES;
				CLANG_WARN_INFINITE_RECURSION = YES;
				CLANG_WARN_INT_CONVERSION = YES;
				CLANG_WARN_NON_LITERAL_NULL_CONVERSION = YES;
				CLANG_WARN_OBJC_IMPLICIT_RETAIN_SELF = YES;
				CLANG_WARN_OBJC_LITERAL_CONVERSION = YES;
				CLANG_WARN_OBJC_ROOT_CLASS = YES_ERROR;
				CLANG_WARN_RANGE_LOOP_ANALYSIS = YES;
				CLANG_WARN_STRICT_PROTOTYPES = YES;
				CLANG_WARN_SUSPICIOUS_MOVE = YES;
				CLANG_WARN_UNGUARDED_AVAILABILITY = YES_AGGRESSIVE;
				CLANG_WARN_UNREACHABLE_CODE = YES;
				CLANG_WARN__DUPLICATE_METHOD_MATCH = YES;
				COPY_PHASE_STRIP = NO;
				DEBUG_INFORMATION_FORMAT = dwarf;
				ENABLE_STRICT_OBJC_MSGSEND = YES;
				ENABLE_TESTABILITY = YES;
				GCC_C_LANGUAGE_STANDARD = gnu11;
				GCC_DYNAMIC_NO_PIC = NO;
				GCC_NO_COMMON_BLOCKS = YES;
				GCC_OPTIMIZATION_LEVEL = 0;
				GCC_PREPROCESSOR_DEFINITIONS = (
					"DEBUG=1",
					"$(inherited)",
				);
				GCC_WARN_64_TO_32_BIT_CONVERSION = YES;
				GCC_WARN_ABOUT_RETURN_TYPE = YES_ERROR;
				GCC_WARN_UNDECLARED_SELECTOR = YES;
				GCC_WARN_UNINITIALIZED_AUTOS = YES_AGGRESSIVE;
				GCC_WARN_UNUSED_FUNCTION = YES;
				GCC_WARN_UNUSED_VARIABLE = YES;
				IPHONEOS_DEPLOYMENT_TARGET = 13.6;
				MTL_ENABLE_DEBUG_INFO = INCLUDE_SOURCE;
				MTL_FAST_MATH = YES;
				ONLY_ACTIVE_ARCH = YES;
				SDKROOT = iphoneos;
				SWIFT_ACTIVE_COMPILATION_CONDITIONS = DEBUG;
				SWIFT_OPTIMIZATION_LEVEL = "-Onone";
			};
			name = Debug;
		};
		F74B2A6424CAE6DA001A614A /* Release */ = {
			isa = XCBuildConfiguration;
			buildSettings = {
				ALWAYS_SEARCH_USER_PATHS = NO;
				CLANG_ANALYZER_NONNULL = YES;
				CLANG_ANALYZER_NUMBER_OBJECT_CONVERSION = YES_AGGRESSIVE;
				CLANG_CXX_LANGUAGE_STANDARD = "gnu++14";
				CLANG_CXX_LIBRARY = "libc++";
				CLANG_ENABLE_MODULES = YES;
				CLANG_ENABLE_OBJC_ARC = YES;
				CLANG_ENABLE_OBJC_WEAK = YES;
				CLANG_WARN_BLOCK_CAPTURE_AUTORELEASING = YES;
				CLANG_WARN_BOOL_CONVERSION = YES;
				CLANG_WARN_COMMA = YES;
				CLANG_WARN_CONSTANT_CONVERSION = YES;
				CLANG_WARN_DEPRECATED_OBJC_IMPLEMENTATIONS = YES;
				CLANG_WARN_DIRECT_OBJC_ISA_USAGE = YES_ERROR;
				CLANG_WARN_DOCUMENTATION_COMMENTS = YES;
				CLANG_WARN_EMPTY_BODY = YES;
				CLANG_WARN_ENUM_CONVERSION = YES;
				CLANG_WARN_INFINITE_RECURSION = YES;
				CLANG_WARN_INT_CONVERSION = YES;
				CLANG_WARN_NON_LITERAL_NULL_CONVERSION = YES;
				CLANG_WARN_OBJC_IMPLICIT_RETAIN_SELF = YES;
				CLANG_WARN_OBJC_LITERAL_CONVERSION = YES;
				CLANG_WARN_OBJC_ROOT_CLASS = YES_ERROR;
				CLANG_WARN_RANGE_LOOP_ANALYSIS = YES;
				CLANG_WARN_STRICT_PROTOTYPES = YES;
				CLANG_WARN_SUSPICIOUS_MOVE = YES;
				CLANG_WARN_UNGUARDED_AVAILABILITY = YES_AGGRESSIVE;
				CLANG_WARN_UNREACHABLE_CODE = YES;
				CLANG_WARN__DUPLICATE_METHOD_MATCH = YES;
				COPY_PHASE_STRIP = NO;
				DEBUG_INFORMATION_FORMAT = "dwarf-with-dsym";
				ENABLE_NS_ASSERTIONS = NO;
				ENABLE_STRICT_OBJC_MSGSEND = YES;
				GCC_C_LANGUAGE_STANDARD = gnu11;
				GCC_NO_COMMON_BLOCKS = YES;
				GCC_WARN_64_TO_32_BIT_CONVERSION = YES;
				GCC_WARN_ABOUT_RETURN_TYPE = YES_ERROR;
				GCC_WARN_UNDECLARED_SELECTOR = YES;
				GCC_WARN_UNINITIALIZED_AUTOS = YES_AGGRESSIVE;
				GCC_WARN_UNUSED_FUNCTION = YES;
				GCC_WARN_UNUSED_VARIABLE = YES;
				IPHONEOS_DEPLOYMENT_TARGET = 13.6;
				MTL_ENABLE_DEBUG_INFO = NO;
				MTL_FAST_MATH = YES;
				SDKROOT = iphoneos;
				SWIFT_COMPILATION_MODE = wholemodule;
				SWIFT_OPTIMIZATION_LEVEL = "-O";
				VALIDATE_PRODUCT = YES;
			};
			name = Release;
		};
		F74B2A6624CAE6DA001A614A /* Debug */ = {
			isa = XCBuildConfiguration;
			buildSettings = {
				ALWAYS_EMBED_SWIFT_STANDARD_LIBRARIES = YES;
				ASSETCATALOG_COMPILER_APPICON_NAME = AppIcon;
				CODE_SIGN_STYLE = Automatic;
				DEVELOPMENT_TEAM = SS5NLXW3S5;
				INFOPLIST_FILE = HelSwim/Info.plist;
				IPHONEOS_DEPLOYMENT_TARGET = 14.0;
				LD_RUNPATH_SEARCH_PATHS = (
					"$(inherited)",
					"@executable_path/Frameworks",
				);
				PRODUCT_BUNDLE_IDENTIFIER = com.afewdevelopers.HelSwim;
				PRODUCT_NAME = "$(TARGET_NAME)";
				SWIFT_VERSION = 5.0;
				TARGETED_DEVICE_FAMILY = "1,2";
			};
			name = Debug;
		};
		F74B2A6724CAE6DA001A614A /* Release */ = {
			isa = XCBuildConfiguration;
			buildSettings = {
				ALWAYS_EMBED_SWIFT_STANDARD_LIBRARIES = YES;
				ASSETCATALOG_COMPILER_APPICON_NAME = AppIcon;
				CODE_SIGN_STYLE = Automatic;
				DEVELOPMENT_TEAM = SS5NLXW3S5;
				INFOPLIST_FILE = HelSwim/Info.plist;
				IPHONEOS_DEPLOYMENT_TARGET = 14.0;
				LD_RUNPATH_SEARCH_PATHS = (
					"$(inherited)",
					"@executable_path/Frameworks",
				);
				PRODUCT_BUNDLE_IDENTIFIER = com.afewdevelopers.HelSwim;
				PRODUCT_NAME = "$(TARGET_NAME)";
				SWIFT_VERSION = 5.0;
				TARGETED_DEVICE_FAMILY = "1,2";
			};
			name = Release;
		};
		F7D90519253DD8A200384A0C /* Debug */ = {
			isa = XCBuildConfiguration;
			buildSettings = {
				ASSETCATALOG_COMPILER_GLOBAL_ACCENT_COLOR_NAME = AccentColor;
				ASSETCATALOG_COMPILER_WIDGET_BACKGROUND_COLOR_NAME = WidgetBackground;
				CLANG_WARN_QUOTED_INCLUDE_IN_FRAMEWORK_HEADER = YES;
				CODE_SIGN_STYLE = Automatic;
				DEVELOPMENT_TEAM = SS5NLXW3S5;
				INFOPLIST_FILE = "Sensor Widget/Info.plist";
				IPHONEOS_DEPLOYMENT_TARGET = 14.0;
				LD_RUNPATH_SEARCH_PATHS = (
					"$(inherited)",
					"@executable_path/Frameworks",
					"@executable_path/../../Frameworks",
				);
				PRODUCT_BUNDLE_IDENTIFIER = "com.afewdevelopers.HelSwim.Sensor-Widget";
				PRODUCT_NAME = "$(TARGET_NAME)";
				SKIP_INSTALL = YES;
				SWIFT_VERSION = 5.0;
				TARGETED_DEVICE_FAMILY = "1,2";
			};
			name = Debug;
		};
		F7D9051A253DD8A200384A0C /* Release */ = {
			isa = XCBuildConfiguration;
			buildSettings = {
				ASSETCATALOG_COMPILER_GLOBAL_ACCENT_COLOR_NAME = AccentColor;
				ASSETCATALOG_COMPILER_WIDGET_BACKGROUND_COLOR_NAME = WidgetBackground;
				CLANG_WARN_QUOTED_INCLUDE_IN_FRAMEWORK_HEADER = YES;
				CODE_SIGN_STYLE = Automatic;
				DEVELOPMENT_TEAM = SS5NLXW3S5;
				INFOPLIST_FILE = "Sensor Widget/Info.plist";
				IPHONEOS_DEPLOYMENT_TARGET = 14.0;
				LD_RUNPATH_SEARCH_PATHS = (
					"$(inherited)",
					"@executable_path/Frameworks",
					"@executable_path/../../Frameworks",
				);
				PRODUCT_BUNDLE_IDENTIFIER = "com.afewdevelopers.HelSwim.Sensor-Widget";
				PRODUCT_NAME = "$(TARGET_NAME)";
				SKIP_INSTALL = YES;
				SWIFT_VERSION = 5.0;
				TARGETED_DEVICE_FAMILY = "1,2";
			};
			name = Release;
		};
/* End XCBuildConfiguration section */

/* Begin XCConfigurationList section */
		F74B2A4C24CAE6D5001A614A /* Build configuration list for PBXProject "HelSwim" */ = {
			isa = XCConfigurationList;
			buildConfigurations = (
				F74B2A6324CAE6DA001A614A /* Debug */,
				F74B2A6424CAE6DA001A614A /* Release */,
			);
			defaultConfigurationIsVisible = 0;
			defaultConfigurationName = Release;
		};
		F74B2A6524CAE6DA001A614A /* Build configuration list for PBXNativeTarget "HelSwim" */ = {
			isa = XCConfigurationList;
			buildConfigurations = (
				F74B2A6624CAE6DA001A614A /* Debug */,
				F74B2A6724CAE6DA001A614A /* Release */,
			);
			defaultConfigurationIsVisible = 0;
			defaultConfigurationName = Release;
		};
		F7D9051B253DD8A200384A0C /* Build configuration list for PBXNativeTarget "Sensor WidgetExtension" */ = {
			isa = XCConfigurationList;
			buildConfigurations = (
				F7D90519253DD8A200384A0C /* Debug */,
				F7D9051A253DD8A200384A0C /* Release */,
			);
			defaultConfigurationIsVisible = 0;
			defaultConfigurationName = Release;
		};
/* End XCConfigurationList section */
	};
	rootObject = F74B2A4924CAE6D5001A614A /* Project object */;
}
